
Microsoft Visual Studio Solution File, Format Version 12.00
# Visual Studio Version 17
VisualStudioVersion = 17.7.34202.233
MinimumVisualStudioVersion = 10.0.40219.1
Project("{FAE04EC0-301F-11D3-BF4B-00C04F79EFBC}") = "XOGame", "XOGame.csproj", "{0E816174-B522-4952-A788-B1E2E10EDC6C}"
EndProject
Global
	GlobalSection(SolutionConfigurationPlatforms) = preSolution
		Debug|Any CPU = Debug|Any CPU
		Release|Any CPU = Release|Any CPU
	EndGlobalSection
	GlobalSection(ProjectConfigurationPlatforms) = postSolution
		{0E816174-B522-4952-A788-B1E2E10EDC6C}.Debug|Any CPU.ActiveCfg = Debug|Any CPU
		{0E816174-B522-4952-A788-B1E2E10EDC6C}.Debug|Any CPU.Build.0 = Debug|Any CPU
		{0E816174-B522-4952-A788-B1E2E10EDC6C}.Release|Any CPU.ActiveCfg = Release|Any CPU
		{0E816174-B522-4952-A788-B1E2E10EDC6C}.Release|Any CPU.Build.0 = Release|Any CPU
	EndGlobalSection
	GlobalSection(SolutionProperties) = preSolution
		HideSolutionNode = FALSE
	EndGlobalSection
	GlobalSection(ExtensibilityGlobals) = postSolution
		SolutionGuid = {EA4CB950-83E1-40B1-AB29-03C54AFD60EE}
	EndGlobalSection
EndGlobal
